// !$*UTF8*$!
{
	archiveVersion = 1;
	classes = {
	};
	objectVersion = 46;
	objects = {

/* Begin PBXBuildFile section */
		4D284C4B6BC71130FD1726B1 /* Pods_Instagram.framework in Frameworks */ = {isa = PBXBuildFile; fileRef = B80715D60B8708866916E36E /* Pods_Instagram.framework */; };
		953BF3971E11FF00004CEEC4 /* AppDelegate.swift in Sources */ = {isa = PBXBuildFile; fileRef = 953BF3961E11FF00004CEEC4 /* AppDelegate.swift */; };
		953BF3991E11FF00004CEEC4 /* ViewController.swift in Sources */ = {isa = PBXBuildFile; fileRef = 953BF3981E11FF00004CEEC4 /* ViewController.swift */; };
		953BF39C1E11FF00004CEEC4 /* Main.storyboard in Resources */ = {isa = PBXBuildFile; fileRef = 953BF39A1E11FF00004CEEC4 /* Main.storyboard */; };
		953BF3A11E11FF00004CEEC4 /* LaunchScreen.storyboard in Resources */ = {isa = PBXBuildFile; fileRef = 953BF39F1E11FF00004CEEC4 /* LaunchScreen.storyboard */; };
		953BF3A91E120539004CEEC4 /* LoginViewController.swift in Sources */ = {isa = PBXBuildFile; fileRef = 953BF3A81E120539004CEEC4 /* LoginViewController.swift */; };
		953BF3AB1E120543004CEEC4 /* HomeViewController.swift in Sources */ = {isa = PBXBuildFile; fileRef = 953BF3AA1E120543004CEEC4 /* HomeViewController.swift */; };
		953BF3AD1E120551004CEEC4 /* ImageSelectViewController.swift in Sources */ = {isa = PBXBuildFile; fileRef = 953BF3AC1E120551004CEEC4 /* ImageSelectViewController.swift */; };
		953BF3AF1E12055B004CEEC4 /* PostViewController.swift in Sources */ = {isa = PBXBuildFile; fileRef = 953BF3AE1E12055B004CEEC4 /* PostViewController.swift */; };
		953BF3B11E12056E004CEEC4 /* SettingViewController.swift in Sources */ = {isa = PBXBuildFile; fileRef = 953BF3B01E12056E004CEEC4 /* SettingViewController.swift */; };
		953BF3B31E1264E0004CEEC4 /* GoogleService-Info.plist in Resources */ = {isa = PBXBuildFile; fileRef = 953BF3B21E1264E0004CEEC4 /* GoogleService-Info.plist */; };
		959B355D1E164FD400916E35 /* Assets.xcassets in Resources */ = {isa = PBXBuildFile; fileRef = 959B355C1E164FD400916E35 /* Assets.xcassets */; };
		959B35601E1A274000916E35 /* AdobeCreativeSDKCore.framework in Frameworks */ = {isa = PBXBuildFile; fileRef = 959B355E1E1A274000916E35 /* AdobeCreativeSDKCore.framework */; };
		959B35631E1A2EBD00916E35 /* AdobeCreativeSDKCore.framework in Embed Frameworks */ = {isa = PBXBuildFile; fileRef = 959B355E1E1A274000916E35 /* AdobeCreativeSDKCore.framework */; settings = {ATTRIBUTES = (CodeSignOnCopy, RemoveHeadersOnCopy, ); }; };
		959B35641E1A2EBD00916E35 /* AdobeCreativeSDKImage.framework in Frameworks */ = {isa = PBXBuildFile; fileRef = 959B355F1E1A274000916E35 /* AdobeCreativeSDKImage.framework */; };
		959B35651E1A2EBD00916E35 /* AdobeCreativeSDKImage.framework in Embed Frameworks */ = {isa = PBXBuildFile; fileRef = 959B355F1E1A274000916E35 /* AdobeCreativeSDKImage.framework */; settings = {ATTRIBUTES = (CodeSignOnCopy, RemoveHeadersOnCopy, ); }; };
		959B35681E1A2F4500916E35 /* libc++.tbd in Frameworks */ = {isa = PBXBuildFile; fileRef = 959B35671E1A2F4500916E35 /* libc++.tbd */; };
		959B356A1E1A2F5200916E35 /* libz.tbd in Frameworks */ = {isa = PBXBuildFile; fileRef = 959B35691E1A2F5200916E35 /* libz.tbd */; };
		959B356C1E1A2F8F00916E35 /* libz.1.2.5.tbd in Frameworks */ = {isa = PBXBuildFile; fileRef = 959B356B1E1A2F8F00916E35 /* libz.1.2.5.tbd */; };
		959B356E1E1A2FA300916E35 /* libsqlite3.0.tbd in Frameworks */ = {isa = PBXBuildFile; fileRef = 959B356D1E1A2FA300916E35 /* libsqlite3.0.tbd */; };
		959B35701E1A2FB500916E35 /* MobileCoreServices.framework in Frameworks */ = {isa = PBXBuildFile; fileRef = 959B356F1E1A2FB500916E35 /* MobileCoreServices.framework */; };
		959B35721E1A2FE100916E35 /* SystemConfiguration.framework in Frameworks */ = {isa = PBXBuildFile; fileRef = 959B35711E1A2FE100916E35 /* SystemConfiguration.framework */; };
		959B35741E1A2FFA00916E35 /* Accelerate.framework in Frameworks */ = {isa = PBXBuildFile; fileRef = 959B35731E1A2FFA00916E35 /* Accelerate.framework */; };
		959B35761E1A300600916E35 /* CoreData.framework in Frameworks */ = {isa = PBXBuildFile; fileRef = 959B35751E1A300600916E35 /* CoreData.framework */; };
		959B35781E1A301400916E35 /* MessageUI.framework in Frameworks */ = {isa = PBXBuildFile; fileRef = 959B35771E1A301400916E35 /* MessageUI.framework */; };
		959B357A1E1A301E00916E35 /* OpenGLES.framework in Frameworks */ = {isa = PBXBuildFile; fileRef = 959B35791E1A301E00916E35 /* OpenGLES.framework */; };
		959B357C1E1A302B00916E35 /* QuartzCore.framework in Frameworks */ = {isa = PBXBuildFile; fileRef = 959B357B1E1A302B00916E35 /* QuartzCore.framework */; };
		959B357E1E1A303B00916E35 /* StoreKit.framework in Frameworks */ = {isa = PBXBuildFile; fileRef = 959B357D1E1A303B00916E35 /* StoreKit.framework */; };
		959B35831E1CCF9E00916E35 /* Const.swift in Sources */ = {isa = PBXBuildFile; fileRef = 959B35821E1CCF9E00916E35 /* Const.swift */; };
/* End PBXBuildFile section */

/* Begin PBXCopyFilesBuildPhase section */
		959B35661E1A2EBD00916E35 /* Embed Frameworks */ = {
			isa = PBXCopyFilesBuildPhase;
			buildActionMask = 2147483647;
			dstPath = "";
			dstSubfolderSpec = 10;
			files = (
				959B35651E1A2EBD00916E35 /* AdobeCreativeSDKImage.framework in Embed Frameworks */,
				959B35631E1A2EBD00916E35 /* AdobeCreativeSDKCore.framework in Embed Frameworks */,
			);
			name = "Embed Frameworks";
			runOnlyForDeploymentPostprocessing = 0;
		};
/* End PBXCopyFilesBuildPhase section */

/* Begin PBXFileReference section */
		953BF3931E11FF00004CEEC4 /* Instagram.app */ = {isa = PBXFileReference; explicitFileType = wrapper.application; includeInIndex = 0; path = Instagram.app; sourceTree = BUILT_PRODUCTS_DIR; };
		953BF3961E11FF00004CEEC4 /* AppDelegate.swift */ = {isa = PBXFileReference; lastKnownFileType = sourcecode.swift; path = AppDelegate.swift; sourceTree = "<group>"; };
		953BF3981E11FF00004CEEC4 /* ViewController.swift */ = {isa = PBXFileReference; lastKnownFileType = sourcecode.swift; path = ViewController.swift; sourceTree = "<group>"; };
		953BF39B1E11FF00004CEEC4 /* Base */ = {isa = PBXFileReference; lastKnownFileType = file.storyboard; name = Base; path = Base.lproj/Main.storyboard; sourceTree = "<group>"; };
		953BF3A01E11FF00004CEEC4 /* Base */ = {isa = PBXFileReference; lastKnownFileType = file.storyboard; name = Base; path = Base.lproj/LaunchScreen.storyboard; sourceTree = "<group>"; };
		953BF3A21E11FF00004CEEC4 /* Info.plist */ = {isa = PBXFileReference; lastKnownFileType = text.plist.xml; path = Info.plist; sourceTree = "<group>"; };
		953BF3A81E120539004CEEC4 /* LoginViewController.swift */ = {isa = PBXFileReference; fileEncoding = 4; lastKnownFileType = sourcecode.swift; path = LoginViewController.swift; sourceTree = "<group>"; };
		953BF3AA1E120543004CEEC4 /* HomeViewController.swift */ = {isa = PBXFileReference; fileEncoding = 4; lastKnownFileType = sourcecode.swift; path = HomeViewController.swift; sourceTree = "<group>"; };
		953BF3AC1E120551004CEEC4 /* ImageSelectViewController.swift */ = {isa = PBXFileReference; fileEncoding = 4; lastKnownFileType = sourcecode.swift; path = ImageSelectViewController.swift; sourceTree = "<group>"; };
		953BF3AE1E12055B004CEEC4 /* PostViewController.swift */ = {isa = PBXFileReference; fileEncoding = 4; lastKnownFileType = sourcecode.swift; path = PostViewController.swift; sourceTree = "<group>"; };
		953BF3B01E12056E004CEEC4 /* SettingViewController.swift */ = {isa = PBXFileReference; fileEncoding = 4; lastKnownFileType = sourcecode.swift; path = SettingViewController.swift; sourceTree = "<group>"; };
		953BF3B21E1264E0004CEEC4 /* GoogleService-Info.plist */ = {isa = PBXFileReference; fileEncoding = 4; lastKnownFileType = text.plist.xml; name = "GoogleService-Info.plist"; path = "../../../Downloads/GoogleService-Info.plist"; sourceTree = "<group>"; };
		959B355C1E164FD400916E35 /* Assets.xcassets */ = {isa = PBXFileReference; lastKnownFileType = folder.assetcatalog; path = Assets.xcassets; sourceTree = "<group>"; };
		959B355E1E1A274000916E35 /* AdobeCreativeSDKCore.framework */ = {isa = PBXFileReference; lastKnownFileType = wrapper.framework; path = AdobeCreativeSDKCore.framework; sourceTree = "<group>"; };
		959B355F1E1A274000916E35 /* AdobeCreativeSDKImage.framework */ = {isa = PBXFileReference; lastKnownFileType = wrapper.framework; path = AdobeCreativeSDKImage.framework; sourceTree = "<group>"; };
		959B35671E1A2F4500916E35 /* libc++.tbd */ = {isa = PBXFileReference; lastKnownFileType = "sourcecode.text-based-dylib-definition"; name = "libc++.tbd"; path = "usr/lib/libc++.tbd"; sourceTree = SDKROOT; };
		959B35691E1A2F5200916E35 /* libz.tbd */ = {isa = PBXFileReference; lastKnownFileType = "sourcecode.text-based-dylib-definition"; name = libz.tbd; path = usr/lib/libz.tbd; sourceTree = SDKROOT; };
		959B356B1E1A2F8F00916E35 /* libz.1.2.5.tbd */ = {isa = PBXFileReference; lastKnownFileType = "sourcecode.text-based-dylib-definition"; name = libz.1.2.5.tbd; path = usr/lib/libz.1.2.5.tbd; sourceTree = SDKROOT; };
		959B356D1E1A2FA300916E35 /* libsqlite3.0.tbd */ = {isa = PBXFileReference; lastKnownFileType = "sourcecode.text-based-dylib-definition"; name = libsqlite3.0.tbd; path = usr/lib/libsqlite3.0.tbd; sourceTree = SDKROOT; };
		959B356F1E1A2FB500916E35 /* MobileCoreServices.framework */ = {isa = PBXFileReference; lastKnownFileType = wrapper.framework; name = MobileCoreServices.framework; path = System/Library/Frameworks/MobileCoreServices.framework; sourceTree = SDKROOT; };
		959B35711E1A2FE100916E35 /* SystemConfiguration.framework */ = {isa = PBXFileReference; lastKnownFileType = wrapper.framework; name = SystemConfiguration.framework; path = System/Library/Frameworks/SystemConfiguration.framework; sourceTree = SDKROOT; };
		959B35731E1A2FFA00916E35 /* Accelerate.framework */ = {isa = PBXFileReference; lastKnownFileType = wrapper.framework; name = Accelerate.framework; path = System/Library/Frameworks/Accelerate.framework; sourceTree = SDKROOT; };
		959B35751E1A300600916E35 /* CoreData.framework */ = {isa = PBXFileReference; lastKnownFileType = wrapper.framework; name = CoreData.framework; path = System/Library/Frameworks/CoreData.framework; sourceTree = SDKROOT; };
		959B35771E1A301400916E35 /* MessageUI.framework */ = {isa = PBXFileReference; lastKnownFileType = wrapper.framework; name = MessageUI.framework; path = System/Library/Frameworks/MessageUI.framework; sourceTree = SDKROOT; };
		959B35791E1A301E00916E35 /* OpenGLES.framework */ = {isa = PBXFileReference; lastKnownFileType = wrapper.framework; name = OpenGLES.framework; path = System/Library/Frameworks/OpenGLES.framework; sourceTree = SDKROOT; };
		959B357B1E1A302B00916E35 /* QuartzCore.framework */ = {isa = PBXFileReference; lastKnownFileType = wrapper.framework; name = QuartzCore.framework; path = System/Library/Frameworks/QuartzCore.framework; sourceTree = SDKROOT; };
		959B357D1E1A303B00916E35 /* StoreKit.framework */ = {isa = PBXFileReference; lastKnownFileType = wrapper.framework; name = StoreKit.framework; path = System/Library/Frameworks/StoreKit.framework; sourceTree = SDKROOT; };
		959B35811E1A328600916E35 /* Instagram-Bridging-Header.h */ = {isa = PBXFileReference; lastKnownFileType = sourcecode.c.h; path = "Instagram-Bridging-Header.h"; sourceTree = "<group>"; };
		959B35821E1CCF9E00916E35 /* Const.swift */ = {isa = PBXFileReference; fileEncoding = 4; lastKnownFileType = sourcecode.swift; path = Const.swift; sourceTree = "<group>"; };
		9964BDE6489FEBABFD635CE9 /* Pods-Instagram.release.xcconfig */ = {isa = PBXFileReference; includeInIndex = 1; lastKnownFileType = text.xcconfig; name = "Pods-Instagram.release.xcconfig"; path = "Pods/Target Support Files/Pods-Instagram/Pods-Instagram.release.xcconfig"; sourceTree = "<group>"; };
		B80715D60B8708866916E36E /* Pods_Instagram.framework */ = {isa = PBXFileReference; explicitFileType = wrapper.framework; includeInIndex = 0; path = Pods_Instagram.framework; sourceTree = BUILT_PRODUCTS_DIR; };
		D4F1EE1F6977135E5B9CE20C /* Pods-Instagram.debug.xcconfig */ = {isa = PBXFileReference; includeInIndex = 1; lastKnownFileType = text.xcconfig; name = "Pods-Instagram.debug.xcconfig"; path = "Pods/Target Support Files/Pods-Instagram/Pods-Instagram.debug.xcconfig"; sourceTree = "<group>"; };
/* End PBXFileReference section */

/* Begin PBXFrameworksBuildPhase section */
		953BF3901E11FF00004CEEC4 /* Frameworks */ = {
			isa = PBXFrameworksBuildPhase;
			buildActionMask = 2147483647;
			files = (
				959B357E1E1A303B00916E35 /* StoreKit.framework in Frameworks */,
				959B357C1E1A302B00916E35 /* QuartzCore.framework in Frameworks */,
				959B357A1E1A301E00916E35 /* OpenGLES.framework in Frameworks */,
				959B35781E1A301400916E35 /* MessageUI.framework in Frameworks */,
				959B35761E1A300600916E35 /* CoreData.framework in Frameworks */,
				959B35741E1A2FFA00916E35 /* Accelerate.framework in Frameworks */,
				959B35721E1A2FE100916E35 /* SystemConfiguration.framework in Frameworks */,
				959B35701E1A2FB500916E35 /* MobileCoreServices.framework in Frameworks */,
				959B356E1E1A2FA300916E35 /* libsqlite3.0.tbd in Frameworks */,
				959B356C1E1A2F8F00916E35 /* libz.1.2.5.tbd in Frameworks */,
				959B356A1E1A2F5200916E35 /* libz.tbd in Frameworks */,
				959B35681E1A2F4500916E35 /* libc++.tbd in Frameworks */,
				4D284C4B6BC71130FD1726B1 /* Pods_Instagram.framework in Frameworks */,
				959B35601E1A274000916E35 /* AdobeCreativeSDKCore.framework in Frameworks */,
				959B35641E1A2EBD00916E35 /* AdobeCreativeSDKImage.framework in Frameworks */,
			);
			runOnlyForDeploymentPostprocessing = 0;
		};
/* End PBXFrameworksBuildPhase section */

/* Begin PBXGroup section */
		953BF38A1E11FEFF004CEEC4 = {
			isa = PBXGroup;
			children = (
				953BF3951E11FF00004CEEC4 /* Instagram */,
				953BF3941E11FF00004CEEC4 /* Products */,
				A3DE394A6A12DC943FEB289E /* Pods */,
				9B6A002DB73BCCBBD8DCE86E /* Frameworks */,
			);
			sourceTree = "<group>";
		};
		953BF3941E11FF00004CEEC4 /* Products */ = {
			isa = PBXGroup;
			children = (
				953BF3931E11FF00004CEEC4 /* Instagram.app */,
			);
			name = Products;
			sourceTree = "<group>";
		};
		953BF3951E11FF00004CEEC4 /* Instagram */ = {
			isa = PBXGroup;
			children = (
				959B355E1E1A274000916E35 /* AdobeCreativeSDKCore.framework */,
				959B355F1E1A274000916E35 /* AdobeCreativeSDKImage.framework */,
				953BF3961E11FF00004CEEC4 /* AppDelegate.swift */,
				953BF3981E11FF00004CEEC4 /* ViewController.swift */,
				953BF39A1E11FF00004CEEC4 /* Main.storyboard */,
				959B35821E1CCF9E00916E35 /* Const.swift */,
				959B35811E1A328600916E35 /* Instagram-Bridging-Header.h */,
				953BF3A81E120539004CEEC4 /* LoginViewController.swift */,
				953BF3AA1E120543004CEEC4 /* HomeViewController.swift */,
				953BF3AC1E120551004CEEC4 /* ImageSelectViewController.swift */,
				953BF3AE1E12055B004CEEC4 /* PostViewController.swift */,
				953BF3B01E12056E004CEEC4 /* SettingViewController.swift */,
				953BF39F1E11FF00004CEEC4 /* LaunchScreen.storyboard */,
				953BF3A21E11FF00004CEEC4 /* Info.plist */,
				953BF3B21E1264E0004CEEC4 /* GoogleService-Info.plist */,
				959B355C1E164FD400916E35 /* Assets.xcassets */,
			);
			path = Instagram;
			sourceTree = "<group>";
		};
		9B6A002DB73BCCBBD8DCE86E /* Frameworks */ = {
			isa = PBXGroup;
			children = (
				959B357D1E1A303B00916E35 /* StoreKit.framework */,
				959B357B1E1A302B00916E35 /* QuartzCore.framework */,
				959B35791E1A301E00916E35 /* OpenGLES.framework */,
				959B35771E1A301400916E35 /* MessageUI.framework */,
				959B35751E1A300600916E35 /* CoreData.framework */,
				959B35731E1A2FFA00916E35 /* Accelerate.framework */,
				959B35711E1A2FE100916E35 /* SystemConfiguration.framework */,
				959B356F1E1A2FB500916E35 /* MobileCoreServices.framework */,
				959B356D1E1A2FA300916E35 /* libsqlite3.0.tbd */,
				959B356B1E1A2F8F00916E35 /* libz.1.2.5.tbd */,
				959B35691E1A2F5200916E35 /* libz.tbd */,
				959B35671E1A2F4500916E35 /* libc++.tbd */,
				B80715D60B8708866916E36E /* Pods_Instagram.framework */,
			);
			name = Frameworks;
			sourceTree = "<group>";
		};
		A3DE394A6A12DC943FEB289E /* Pods */ = {
			isa = PBXGroup;
			children = (
				D4F1EE1F6977135E5B9CE20C /* Pods-Instagram.debug.xcconfig */,
				9964BDE6489FEBABFD635CE9 /* Pods-Instagram.release.xcconfig */,
			);
			name = Pods;
			sourceTree = "<group>";
		};
/* End PBXGroup section */

/* Begin PBXNativeTarget section */
		953BF3921E11FF00004CEEC4 /* Instagram */ = {
			isa = PBXNativeTarget;
			buildConfigurationList = 953BF3A51E11FF00004CEEC4 /* Build configuration list for PBXNativeTarget "Instagram" */;
			buildPhases = (
				74D800E9C671FDA5E89CF44C /* [CP] Check Pods Manifest.lock */,
				953BF38F1E11FF00004CEEC4 /* Sources */,
				953BF3901E11FF00004CEEC4 /* Frameworks */,
				953BF3911E11FF00004CEEC4 /* Resources */,
				1982B86C66410209BC69E627 /* [CP] Embed Pods Frameworks */,
				0A257228543C4B4F53534B4E /* [CP] Copy Pods Resources */,
				959B35661E1A2EBD00916E35 /* Embed Frameworks */,
				959B357F1E1A31E100916E35 /* ShellScript */,
			);
			buildRules = (
			);
			dependencies = (
			);
			name = Instagram;
			productName = Instagram;
			productReference = 953BF3931E11FF00004CEEC4 /* Instagram.app */;
			productType = "com.apple.product-type.application";
		};
/* End PBXNativeTarget section */

/* Begin PBXProject section */
		953BF38B1E11FEFF004CEEC4 /* Project object */ = {
			isa = PBXProject;
			attributes = {
				LastSwiftUpdateCheck = 0820;
				LastUpgradeCheck = 0820;
				ORGANIZATIONNAME = "Takahiro Suzuki";
				TargetAttributes = {
					953BF3921E11FF00004CEEC4 = {
						CreatedOnToolsVersion = 8.2;
						DevelopmentTeam = 8KQB7A2SF3;
						ProvisioningStyle = Automatic;
					};
				};
			};
			buildConfigurationList = 953BF38E1E11FEFF004CEEC4 /* Build configuration list for PBXProject "Instagram" */;
			compatibilityVersion = "Xcode 3.2";
			developmentRegion = English;
			hasScannedForEncodings = 0;
			knownRegions = (
				en,
				Base,
			);
			mainGroup = 953BF38A1E11FEFF004CEEC4;
			productRefGroup = 953BF3941E11FF00004CEEC4 /* Products */;
			projectDirPath = "";
			projectRoot = "";
			targets = (
				953BF3921E11FF00004CEEC4 /* Instagram */,
			);
		};
/* End PBXProject section */

/* Begin PBXResourcesBuildPhase section */
		953BF3911E11FF00004CEEC4 /* Resources */ = {
			isa = PBXResourcesBuildPhase;
			buildActionMask = 2147483647;
			files = (
				953BF3A11E11FF00004CEEC4 /* LaunchScreen.storyboard in Resources */,
				959B355D1E164FD400916E35 /* Assets.xcassets in Resources */,
				953BF3B31E1264E0004CEEC4 /* GoogleService-Info.plist in Resources */,
				953BF39C1E11FF00004CEEC4 /* Main.storyboard in Resources */,
			);
			runOnlyForDeploymentPostprocessing = 0;
		};
/* End PBXResourcesBuildPhase section */

/* Begin PBXShellScriptBuildPhase section */
		0A257228543C4B4F53534B4E /* [CP] Copy Pods Resources */ = {
			isa = PBXShellScriptBuildPhase;
			buildActionMask = 2147483647;
			files = (
			);
			inputPaths = (
			);
			name = "[CP] Copy Pods Resources";
			outputPaths = (
			);
			runOnlyForDeploymentPostprocessing = 0;
			shellPath = /bin/sh;
			shellScript = "\"${SRCROOT}/Pods/Target Support Files/Pods-Instagram/Pods-Instagram-resources.sh\"\n";
			showEnvVarsInLog = 0;
		};
		1982B86C66410209BC69E627 /* [CP] Embed Pods Frameworks */ = {
			isa = PBXShellScriptBuildPhase;
			buildActionMask = 2147483647;
			files = (
			);
			inputPaths = (
			);
			name = "[CP] Embed Pods Frameworks";
			outputPaths = (
			);
			runOnlyForDeploymentPostprocessing = 0;
			shellPath = /bin/sh;
			shellScript = "\"${SRCROOT}/Pods/Target Support Files/Pods-Instagram/Pods-Instagram-frameworks.sh\"\n";
			showEnvVarsInLog = 0;
		};
		74D800E9C671FDA5E89CF44C /* [CP] Check Pods Manifest.lock */ = {
			isa = PBXShellScriptBuildPhase;
			buildActionMask = 2147483647;
			files = (
			);
			inputPaths = (
			);
			name = "[CP] Check Pods Manifest.lock";
			outputPaths = (
			);
			runOnlyForDeploymentPostprocessing = 0;
			shellPath = /bin/sh;
			shellScript = "diff \"${PODS_ROOT}/../Podfile.lock\" \"${PODS_ROOT}/Manifest.lock\" > /dev/null\nif [ $? != 0 ] ; then\n    # print error to STDERR\n    echo \"error: The sandbox is not in sync with the Podfile.lock. Run 'pod install' or update your CocoaPods installation.\" >&2\n    exit 1\nfi\n";
			showEnvVarsInLog = 0;
		};
		959B357F1E1A31E100916E35 /* ShellScript */ = {
			isa = PBXShellScriptBuildPhase;
			buildActionMask = 2147483647;
			files = (
			);
			inputPaths = (
			);
			outputPaths = (
			);
			runOnlyForDeploymentPostprocessing = 0;
			shellPath = /bin/sh;
			shellScript = "bash \"${BUILT_PRODUCTS_DIR}/${FRAMEWORKS_FOLDER_PATH}/AdobeCreativeSDKCore.framework/strip-frameworks.sh\"";
		};
/* End PBXShellScriptBuildPhase section */

/* Begin PBXSourcesBuildPhase section */
		953BF38F1E11FF00004CEEC4 /* Sources */ = {
			isa = PBXSourcesBuildPhase;
			buildActionMask = 2147483647;
			files = (
				953BF3AF1E12055B004CEEC4 /* PostViewController.swift in Sources */,
				953BF3A91E120539004CEEC4 /* LoginViewController.swift in Sources */,
				953BF3991E11FF00004CEEC4 /* ViewController.swift in Sources */,
				953BF3971E11FF00004CEEC4 /* AppDelegate.swift in Sources */,
				953BF3AD1E120551004CEEC4 /* ImageSelectViewController.swift in Sources */,
				959B35831E1CCF9E00916E35 /* Const.swift in Sources */,
				953BF3B11E12056E004CEEC4 /* SettingViewController.swift in Sources */,
				953BF3AB1E120543004CEEC4 /* HomeViewController.swift in Sources */,
			);
			runOnlyForDeploymentPostprocessing = 0;
		};
/* End PBXSourcesBuildPhase section */

/* Begin PBXVariantGroup section */
		953BF39A1E11FF00004CEEC4 /* Main.storyboard */ = {
			isa = PBXVariantGroup;
			children = (
				953BF39B1E11FF00004CEEC4 /* Base */,
			);
			name = Main.storyboard;
			sourceTree = "<group>";
		};
		953BF39F1E11FF00004CEEC4 /* LaunchScreen.storyboard */ = {
			isa = PBXVariantGroup;
			children = (
				953BF3A01E11FF00004CEEC4 /* Base */,
			);
			name = LaunchScreen.storyboard;
			sourceTree = "<group>";
		};
/* End PBXVariantGroup section */

/* Begin XCBuildConfiguration section */
		953BF3A31E11FF00004CEEC4 /* Debug */ = {
			isa = XCBuildConfiguration;
			buildSettings = {
				ALWAYS_SEARCH_USER_PATHS = NO;
				CLANG_ANALYZER_NONNULL = YES;
				CLANG_CXX_LANGUAGE_STANDARD = "gnu++0x";
				CLANG_CXX_LIBRARY = "libc++";
				CLANG_ENABLE_MODULES = YES;
				CLANG_ENABLE_OBJC_ARC = YES;
				CLANG_WARN_BOOL_CONVERSION = YES;
				CLANG_WARN_CONSTANT_CONVERSION = YES;
				CLANG_WARN_DIRECT_OBJC_ISA_USAGE = YES_ERROR;
				CLANG_WARN_DOCUMENTATION_COMMENTS = YES;
				CLANG_WARN_EMPTY_BODY = YES;
				CLANG_WARN_ENUM_CONVERSION = YES;
				CLANG_WARN_INFINITE_RECURSION = YES;
				CLANG_WARN_INT_CONVERSION = YES;
				CLANG_WARN_OBJC_ROOT_CLASS = YES_ERROR;
				CLANG_WARN_SUSPICIOUS_MOVE = YES;
				CLANG_WARN_UNREACHABLE_CODE = YES;
				CLANG_WARN__DUPLICATE_METHOD_MATCH = YES;
				"CODE_SIGN_IDENTITY[sdk=iphoneos*]" = "iPhone Developer";
				COPY_PHASE_STRIP = NO;
				DEBUG_INFORMATION_FORMAT = dwarf;
				ENABLE_STRICT_OBJC_MSGSEND = YES;
				ENABLE_TESTABILITY = YES;
				GCC_C_LANGUAGE_STANDARD = gnu99;
				GCC_DYNAMIC_NO_PIC = NO;
				GCC_NO_COMMON_BLOCKS = YES;
				GCC_OPTIMIZATION_LEVEL = 0;
				GCC_PREPROCESSOR_DEFINITIONS = (
					"DEBUG=1",
					"$(inherited)",
				);
				GCC_WARN_64_TO_32_BIT_CONVERSION = YES;
				GCC_WARN_ABOUT_RETURN_TYPE = YES_ERROR;
				GCC_WARN_UNDECLARED_SELECTOR = YES;
				GCC_WARN_UNINITIALIZED_AUTOS = YES_AGGRESSIVE;
				GCC_WARN_UNUSED_FUNCTION = YES;
				GCC_WARN_UNUSED_VARIABLE = YES;
				IPHONEOS_DEPLOYMENT_TARGET = 10.2;
				MTL_ENABLE_DEBUG_INFO = YES;
				ONLY_ACTIVE_ARCH = YES;
				SDKROOT = iphoneos;
				SWIFT_ACTIVE_COMPILATION_CONDITIONS = DEBUG;
				SWIFT_OPTIMIZATION_LEVEL = "-Onone";
			};
			name = Debug;
		};
		953BF3A41E11FF00004CEEC4 /* Release */ = {
			isa = XCBuildConfiguration;
			buildSettings = {
				ALWAYS_SEARCH_USER_PATHS = NO;
				CLANG_ANALYZER_NONNULL = YES;
				CLANG_CXX_LANGUAGE_STANDARD = "gnu++0x";
				CLANG_CXX_LIBRARY = "libc++";
				CLANG_ENABLE_MODULES = YES;
				CLANG_ENABLE_OBJC_ARC = YES;
				CLANG_WARN_BOOL_CONVERSION = YES;
				CLANG_WARN_CONSTANT_CONVERSION = YES;
				CLANG_WARN_DIRECT_OBJC_ISA_USAGE = YES_ERROR;
				CLANG_WARN_DOCUMENTATION_COMMENTS = YES;
				CLANG_WARN_EMPTY_BODY = YES;
				CLANG_WARN_ENUM_CONVERSION = YES;
				CLANG_WARN_INFINITE_RECURSION = YES;
				CLANG_WARN_INT_CONVERSION = YES;
				CLANG_WARN_OBJC_ROOT_CLASS = YES_ERROR;
				CLANG_WARN_SUSPICIOUS_MOVE = YES;
				CLANG_WARN_UNREACHABLE_CODE = YES;
				CLANG_WARN__DUPLICATE_METHOD_MATCH = YES;
				"CODE_SIGN_IDENTITY[sdk=iphoneos*]" = "iPhone Developer";
				COPY_PHASE_STRIP = NO;
				DEBUG_INFORMATION_FORMAT = "dwarf-with-dsym";
				ENABLE_NS_ASSERTIONS = NO;
				ENABLE_STRICT_OBJC_MSGSEND = YES;
				GCC_C_LANGUAGE_STANDARD = gnu99;
				GCC_NO_COMMON_BLOCKS = YES;
				GCC_WARN_64_TO_32_BIT_CONVERSION = YES;
				GCC_WARN_ABOUT_RETURN_TYPE = YES_ERROR;
				GCC_WARN_UNDECLARED_SELECTOR = YES;
				GCC_WARN_UNINITIALIZED_AUTOS = YES_AGGRESSIVE;
				GCC_WARN_UNUSED_FUNCTION = YES;
				GCC_WARN_UNUSED_VARIABLE = YES;
				IPHONEOS_DEPLOYMENT_TARGET = 10.2;
				MTL_ENABLE_DEBUG_INFO = NO;
				SDKROOT = iphoneos;
				SWIFT_OPTIMIZATION_LEVEL = "-Owholemodule";
				VALIDATE_PRODUCT = YES;
			};
			name = Release;
		};
		953BF3A61E11FF00004CEEC4 /* Debug */ = {
			isa = XCBuildConfiguration;
			baseConfigurationReference = D4F1EE1F6977135E5B9CE20C /* Pods-Instagram.debug.xcconfig */;
			buildSettings = {
				ASSETCATALOG_COMPILER_APPICON_NAME = AppIcon;
				DEVELOPMENT_TEAM = 8KQB7A2SF3;
				FRAMEWORK_SEARCH_PATHS = (
					"$(inherited)",
					"$(PROJECT_DIR)/Instagram",
				);
				INFOPLIST_FILE = Instagram/Info.plist;
				LD_RUNPATH_SEARCH_PATHS = "$(inherited) @executable_path/Frameworks";
				PRODUCT_BUNDLE_IDENTIFIER = jp.techacademy.takahiro.suzuki.Instagram;
				PRODUCT_NAME = "$(TARGET_NAME)";
				SWIFT_OBJC_BRIDGING_HEADER = "Instagram/Instagram-Bridging-Header.h";
				SWIFT_VERSION = 3.0;
			};
			name = Debug;
		};
		953BF3A71E11FF00004CEEC4 /* Release */ = {
			isa = XCBuildConfiguration;
			baseConfigurationReference = 9964BDE6489FEBABFD635CE9 /* Pods-Instagram.release.xcconfig */;
			buildSettings = {
				ASSETCATALOG_COMPILER_APPICON_NAME = AppIcon;
				DEVELOPMENT_TEAM = 8KQB7A2SF3;
				FRAMEWORK_SEARCH_PATHS = (
					"$(inherited)",
					"$(PROJECT_DIR)/Instagram",
				);
				INFOPLIST_FILE = Instagram/Info.plist;
				LD_RUNPATH_SEARCH_PATHS = "$(inherited) @executable_path/Frameworks";
				PRODUCT_BUNDLE_IDENTIFIER = jp.techacademy.takahiro.suzuki.Instagram;
				PRODUCT_NAME = "$(TARGET_NAME)";
				SWIFT_OBJC_BRIDGING_HEADER = "Instagram/Instagram-Bridging-Header.h";
				SWIFT_VERSION = 3.0;
			};
			name = Release;
		};
/* End XCBuildConfiguration section */

/* Begin XCConfigurationList section */
		953BF38E1E11FEFF004CEEC4 /* Build configuration list for PBXProject "Instagram" */ = {
			isa = XCConfigurationList;
			buildConfigurations = (
				953BF3A31E11FF00004CEEC4 /* Debug */,
				953BF3A41E11FF00004CEEC4 /* Release */,
			);
			defaultConfigurationIsVisible = 0;
			defaultConfigurationName = Release;
		};
		953BF3A51E11FF00004CEEC4 /* Build configuration list for PBXNativeTarget "Instagram" */ = {
			isa = XCConfigurationList;
			buildConfigurations = (
				953BF3A61E11FF00004CEEC4 /* Debug */,
				953BF3A71E11FF00004CEEC4 /* Release */,
			);
			defaultConfigurationIsVisible = 0;
			defaultConfigurationName = Release;
		};
/* End XCConfigurationList section */
	};
	rootObject = 953BF38B1E11FEFF004CEEC4 /* Project object */;
}
